{
  "version": 4,
  "terraform_version": "0.14.4",
  "serial": 314,
  "lineage": "74291e15-fa40-57c2-01a1-f8e6008e3968",
  "outputs": {},
  "resources": [
    {
      "mode": "managed",
      "type": "aws_db_instance",
      "name": "carla-pilot-postgresql",
      "provider": "provider[\"registry.terraform.io/hashicorp/aws\"]",
      "instances": [
        {
          "schema_version": 1,
          "attributes": {
            "address": "carla-pilot-postgresql.ckxc4vyhxw1w.us-east-1.rds.amazonaws.com",
            "allocated_storage": 5,
            "allow_major_version_upgrade": null,
            "apply_immediately": null,
            "arn": "arn:aws:rds:us-east-1:854678551770:db:carla-pilot-postgresql",
            "auto_minor_version_upgrade": true,
            "availability_zone": "us-east-1a",
            "backup_retention_period": 2,
            "backup_window": "09:23-09:53",
            "ca_cert_identifier": "rds-ca-2019",
            "character_set_name": null,
            "copy_tags_to_snapshot": false,
            "db_subnet_group_name": "terraform-20210426032308831500000002",
            "delete_automated_backups": true,
            "deletion_protection": false,
            "domain": "",
            "domain_iam_role_name": "",
            "enabled_cloudwatch_logs_exports": null,
            "endpoint": "carla-pilot-postgresql.ckxc4vyhxw1w.us-east-1.rds.amazonaws.com:5432",
            "engine": "postgres",
            "engine_version": "9.6.9",
            "final_snapshot_identifier": null,
            "hosted_zone_id": "Z2R2ITUGPM61AM",
            "iam_database_authentication_enabled": false,
            "id": "carla-pilot-postgresql",
            "identifier": "carla-pilot-postgresql",
            "identifier_prefix": null,
            "instance_class": "db.t3.micro",
            "iops": 0,
            "kms_key_id": "arn:aws:kms:us-east-1:854678551770:key/c03793f4-492a-49a7-a404-73f95c557ae9",
            "latest_restorable_time": "0001-01-01T00:00:00Z",
            "license_model": "postgresql-license",
            "maintenance_window": "sat:03:08-sat:03:38",
            "max_allocated_storage": 0,
            "monitoring_interval": 0,
            "monitoring_role_arn": "",
            "multi_az": false,
            "name": "carlapilotDB",
            "option_group_name": "default:postgres-9-6",
            "parameter_group_name": "default.postgres9.6",
            "password": "carlapass",
            "performance_insights_enabled": false,
            "performance_insights_kms_key_id": "",
            "performance_insights_retention_period": 0,
            "port": 5432,
            "publicly_accessible": false,
            "replicas": [],
            "replicate_source_db": "",
            "resource_id": "db-NQ5DD72CP7BTR6GOYHHN72P74U",
            "restore_to_point_in_time": [],
            "s3_import": [],
            "security_group_names": null,
            "skip_final_snapshot": false,
            "snapshot_identifier": null,
            "status": "available",
            "storage_encrypted": true,
            "storage_type": "gp2",
            "tags": null,
            "timeouts": null,
            "timezone": "",
            "username": "carlaadmin",
            "vpc_security_group_ids": [
              "sg-0095b5a7ca1f5e334"
            ]
          },
          "sensitive_attributes": []
        }
      ]
    },
    {
      "mode": "managed",
      "type": "aws_db_subnet_group",
      "name": "carla-pilot-db_sngrp",
      "provider": "provider[\"registry.terraform.io/hashicorp/aws\"]",
      "instances": [
        {
          "schema_version": 0,
          "attributes": {
            "arn": "arn:aws:rds:us-east-1:854678551770:subgrp:terraform-20210426032308831500000002",
            "description": "Managed by Terraform",
            "id": "terraform-20210426032308831500000002",
            "name": "terraform-20210426032308831500000002",
            "name_prefix": null,
            "subnet_ids": [
              "subnet-0558d608c753945a2",
              "subnet-0a7528ca29addb258"
            ],
            "tags": null
          },
          "sensitive_attributes": []
        }
      ]
    },
    {
      "mode": "managed",
      "type": "aws_security_group",
      "name": "carla-pilot-lnchcfg-sg",
      "provider": "provider[\"registry.terraform.io/hashicorp/aws\"]",
      "instances": [
        {
          "schema_version": 1,
          "attributes": {
            "arn": "arn:aws:ec2:us-east-1:854678551770:security-group/sg-085d786e4932d6aa8",
            "description": "Managed by Terraform",
            "egress": [
              {
                "cidr_blocks": [
                  "0.0.0.0/0"
                ],
                "description": "",
                "from_port": 0,
                "ipv6_cidr_blocks": [],
                "prefix_list_ids": [],
                "protocol": "-1",
                "security_groups": [],
                "self": false,
                "to_port": 0
              }
            ],
            "id": "sg-085d786e4932d6aa8",
            "ingress": [
              {
                "cidr_blocks": [
                  "10.0.1.0/24",
                  "10.0.2.0/24"
                ],
                "description": "",
                "from_port": 22,
                "ipv6_cidr_blocks": [],
                "prefix_list_ids": [],
                "protocol": "tcp",
                "security_groups": [],
                "self": false,
                "to_port": 22
              },
              {
                "cidr_blocks": [
                  "10.0.1.0/24",
                  "10.0.2.0/24"
                ],
                "description": "",
                "from_port": 80,
                "ipv6_cidr_blocks": [],
                "prefix_list_ids": [],
                "protocol": "tcp",
                "security_groups": [],
                "self": false,
                "to_port": 3000
              }
            ],
            "name": "terraform-20210426032308144800000001",
            "name_prefix": "terraform-",
            "owner_id": "854678551770",
            "revoke_rules_on_delete": false,
            "tags": {
              "Name": "carla-pilot-lnchcfg-sg"
            },
            "timeouts": null,
            "vpc_id": "vpc-0aaac7432342445ef"
          },
          "sensitive_attributes": []
        }
      ]
    },
    {
      "mode": "managed",
      "type": "aws_security_group",
      "name": "carla-pilot-rds-sg",
      "provider": "provider[\"registry.terraform.io/hashicorp/aws\"]",
      "instances": [
        {
          "schema_version": 1,
          "attributes": {
            "arn": "arn:aws:ec2:us-east-1:854678551770:security-group/sg-0095b5a7ca1f5e334",
            "description": "Managed by Terraform",
            "egress": [
              {
                "cidr_blocks": [
                  "0.0.0.0/0"
                ],
                "description": "",
                "from_port": 0,
                "ipv6_cidr_blocks": [],
                "prefix_list_ids": [],
                "protocol": "-1",
                "security_groups": [],
                "self": false,
                "to_port": 0
              }
            ],
            "id": "sg-0095b5a7ca1f5e334",
            "ingress": [
              {
                "cidr_blocks": [
                  "10.0.1.0/24",
                  "10.0.2.0/24"
                ],
                "description": "",
                "from_port": 0,
                "ipv6_cidr_blocks": [],
                "prefix_list_ids": [],
                "protocol": "tcp",
                "security_groups": [
                  "sg-085d786e4932d6aa8"
                ],
                "self": false,
                "to_port": 5432
              }
            ],
            "name": "terraform-20210426032309760400000003",
            "name_prefix": "terraform-",
            "owner_id": "854678551770",
            "revoke_rules_on_delete": false,
            "tags": {
              "Name": "carla-pilot-rds-sg"
            },
            "timeouts": null,
            "vpc_id": "vpc-0aaac7432342445ef"
          },
          "sensitive_attributes": []
        }
      ]
    },
    {
      "mode": "managed",
      "type": "aws_subnet",
      "name": "carla-pilot-prv01-sn",
      "provider": "provider[\"registry.terraform.io/hashicorp/aws\"]",
      "instances": [
        {
          "schema_version": 1,
          "attributes": {
            "arn": "arn:aws:ec2:us-east-1:854678551770:subnet/subnet-0558d608c753945a2",
            "assign_ipv6_address_on_creation": false,
            "availability_zone": "us-east-1a",
            "availability_zone_id": "use1-az1",
            "cidr_block": "10.0.1.0/24",
            "customer_owned_ipv4_pool": "",
            "id": "subnet-0558d608c753945a2",
            "ipv6_cidr_block": "",
            "ipv6_cidr_block_association_id": "",
            "map_customer_owned_ip_on_launch": false,
            "map_public_ip_on_launch": false,
            "outpost_arn": "",
            "owner_id": "854678551770",
            "tags": null,
            "tags_all": {},
            "timeouts": null,
            "vpc_id": "vpc-0aaac7432342445ef"
          },
          "sensitive_attributes": []
        }
      ]
    },
    {
      "mode": "managed",
      "type": "aws_vpc",
      "name": "carla-pilot-vpc",
      "provider": "provider[\"registry.terraform.io/hashicorp/aws\"]",
      "instances": [
        {
          "schema_version": 1,
          "attributes": {
            "arn": "arn:aws:ec2:us-east-1:854678551770:vpc/vpc-0aaac7432342445ef",
            "assign_generated_ipv6_cidr_block": false,
            "cidr_block": "10.0.0.0/16",
            "default_network_acl_id": "acl-0984f6ea72af52dfc",
            "default_route_table_id": "rtb-019eab445fc712b83",
            "default_security_group_id": "sg-08fbca78bb7233a22",
            "dhcp_options_id": "dopt-2a533d50",
            "enable_classiclink": false,
            "enable_classiclink_dns_support": false,
            "enable_dns_hostnames": true,
            "enable_dns_support": true,
            "id": "vpc-0aaac7432342445ef",
            "instance_tenancy": "default",
            "ipv6_association_id": "",
            "ipv6_cidr_block": "",
            "main_route_table_id": "rtb-019eab445fc712b83",
            "owner_id": "854678551770",
            "tags": {
              "Name": "carla_pilot-vpc"
            },
            "tags_all": {
              "Name": "carla_pilot-vpc"
            }
          },
          "sensitive_attributes": [],
          "private": "eyJzY2hlbWFfdmVyc2lvbiI6IjEifQ=="
        }
      ]
    }
  ]
}
